// !$*UTF8*$!
{
	archiveVersion = 1;
	classes = {
	};
	objectVersion = 56;
	objects = {

/* Begin PBXBuildFile section */
		B0E31EA02C042929007A859E /* BoastAppApp.swift in Sources */ = {isa = PBXBuildFile; fileRef = B0E31E9F2C042929007A859E /* BoastAppApp.swift */; };
		B0E31EA22C042929007A859E /* ContentView.swift in Sources */ = {isa = PBXBuildFile; fileRef = B0E31EA12C042929007A859E /* ContentView.swift */; };
		B0E31EA42C042929007A859E /* Assets.xcassets in Resources */ = {isa = PBXBuildFile; fileRef = B0E31EA32C042929007A859E /* Assets.xcassets */; };
		B0E31EA72C042929007A859E /* Preview Assets.xcassets in Resources */ = {isa = PBXBuildFile; fileRef = B0E31EA62C042929007A859E /* Preview Assets.xcassets */; };
		B0E31EB12C042929007A859E /* BoastAppTests.swift in Sources */ = {isa = PBXBuildFile; fileRef = B0E31EB02C042929007A859E /* BoastAppTests.swift */; };
		B0E31EBB2C04292A007A859E /* BoastAppUITests.swift in Sources */ = {isa = PBXBuildFile; fileRef = B0E31EBA2C04292A007A859E /* BoastAppUITests.swift */; };
		B0E31EBD2C04292A007A859E /* BoastAppUITestsLaunchTests.swift in Sources */ = {isa = PBXBuildFile; fileRef = B0E31EBC2C04292A007A859E /* BoastAppUITestsLaunchTests.swift */; };
		B0E31ECA2C043432007A859E /* HealthKitManager.swift in Sources */ = {isa = PBXBuildFile; fileRef = B0E31EC92C043432007A859E /* HealthKitManager.swift */; };
/* End PBXBuildFile section */

/* Begin PBXContainerItemProxy section */
		B0E31EAD2C042929007A859E /* PBXContainerItemProxy */ = {
			isa = PBXContainerItemProxy;
			containerPortal = B0E31E942C042929007A859E /* Project object */;
			proxyType = 1;
			remoteGlobalIDString = B0E31E9B2C042929007A859E;
			remoteInfo = BoastApp;
		};
		B0E31EB72C04292A007A859E /* PBXContainerItemProxy */ = {
			isa = PBXContainerItemProxy;
			containerPortal = B0E31E942C042929007A859E /* Project object */;
			proxyType = 1;
			remoteGlobalIDString = B0E31E9B2C042929007A859E;
			remoteInfo = BoastApp;
		};
/* End PBXContainerItemProxy section */

/* Begin PBXFileReference section */
		B0E31E9C2C042929007A859E /* BoastApp.app */ = {isa = PBXFileReference; explicitFileType = wrapper.application; includeInIndex = 0; path = BoastApp.app; sourceTree = BUILT_PRODUCTS_DIR; };
		B0E31E9F2C042929007A859E /* BoastAppApp.swift */ = {isa = PBXFileReference; lastKnownFileType = sourcecode.swift; path = BoastAppApp.swift; sourceTree = "<group>"; };
		B0E31EA12C042929007A859E /* ContentView.swift */ = {isa = PBXFileReference; lastKnownFileType = sourcecode.swift; path = ContentView.swift; sourceTree = "<group>"; };
		B0E31EA32C042929007A859E /* Assets.xcassets */ = {isa = PBXFileReference; lastKnownFileType = folder.assetcatalog; path = Assets.xcassets; sourceTree = "<group>"; };
		B0E31EA62C042929007A859E /* Preview Assets.xcassets */ = {isa = PBXFileReference; lastKnownFileType = folder.assetcatalog; path = "Preview Assets.xcassets"; sourceTree = "<group>"; };
		B0E31EAC2C042929007A859E /* BoastAppTests.xctest */ = {isa = PBXFileReference; explicitFileType = wrapper.cfbundle; includeInIndex = 0; path = BoastAppTests.xctest; sourceTree = BUILT_PRODUCTS_DIR; };
		B0E31EB02C042929007A859E /* BoastAppTests.swift */ = {isa = PBXFileReference; lastKnownFileType = sourcecode.swift; path = BoastAppTests.swift; sourceTree = "<group>"; };
		B0E31EB62C04292A007A859E /* BoastAppUITests.xctest */ = {isa = PBXFileReference; explicitFileType = wrapper.cfbundle; includeInIndex = 0; path = BoastAppUITests.xctest; sourceTree = BUILT_PRODUCTS_DIR; };
		B0E31EBA2C04292A007A859E /* BoastAppUITests.swift */ = {isa = PBXFileReference; lastKnownFileType = sourcecode.swift; path = BoastAppUITests.swift; sourceTree = "<group>"; };
		B0E31EBC2C04292A007A859E /* BoastAppUITestsLaunchTests.swift */ = {isa = PBXFileReference; lastKnownFileType = sourcecode.swift; path = BoastAppUITestsLaunchTests.swift; sourceTree = "<group>"; };
		B0E31EC92C043432007A859E /* HealthKitManager.swift */ = {isa = PBXFileReference; lastKnownFileType = sourcecode.swift; path = HealthKitManager.swift; sourceTree = "<group>"; };
		B0E31ECB2C043E3B007A859E /* BoastApp.entitlements */ = {isa = PBXFileReference; lastKnownFileType = text.plist.entitlements; path = BoastApp.entitlements; sourceTree = "<group>"; };
/* End PBXFileReference section */

/* Begin PBXFrameworksBuildPhase section */
		B0E31E992C042929007A859E /* Frameworks */ = {
			isa = PBXFrameworksBuildPhase;
			buildActionMask = 2147483647;
			files = (
			);
			runOnlyForDeploymentPostprocessing = 0;
		};
		B0E31EA92C042929007A859E /* Frameworks */ = {
			isa = PBXFrameworksBuildPhase;
			buildActionMask = 2147483647;
			files = (
			);
			runOnlyForDeploymentPostprocessing = 0;
		};
		B0E31EB32C04292A007A859E /* Frameworks */ = {
			isa = PBXFrameworksBuildPhase;
			buildActionMask = 2147483647;
			files = (
			);
			runOnlyForDeploymentPostprocessing = 0;
		};
/* End PBXFrameworksBuildPhase section */

/* Begin PBXGroup section */
		B0E31E932C042929007A859E = {
			isa = PBXGroup;
			children = (
				B0E31E9E2C042929007A859E /* BoastApp */,
				B0E31EAF2C042929007A859E /* BoastAppTests */,
				B0E31EB92C04292A007A859E /* BoastAppUITests */,
				B0E31E9D2C042929007A859E /* Products */,
			);
			sourceTree = "<group>";
		};
		B0E31E9D2C042929007A859E /* Products */ = {
			isa = PBXGroup;
			children = (
				B0E31E9C2C042929007A859E /* BoastApp.app */,
				B0E31EAC2C042929007A859E /* BoastAppTests.xctest */,
				B0E31EB62C04292A007A859E /* BoastAppUITests.xctest */,
			);
			name = Products;
			sourceTree = "<group>";
		};
		B0E31E9E2C042929007A859E /* BoastApp */ = {
			isa = PBXGroup;
			children = (
				B0E31ECB2C043E3B007A859E /* BoastApp.entitlements */,
				B0E31E9F2C042929007A859E /* BoastAppApp.swift */,
				B0E31EA12C042929007A859E /* ContentView.swift */,
				B0E31EA32C042929007A859E /* Assets.xcassets */,
				B0E31EA52C042929007A859E /* Preview Content */,
				B0E31EC92C043432007A859E /* HealthKitManager.swift */,
			);
			path = BoastApp;
			sourceTree = "<group>";
		};
		B0E31EA52C042929007A859E /* Preview Content */ = {
			isa = PBXGroup;
			children = (
				B0E31EA62C042929007A859E /* Preview Assets.xcassets */,
			);
			path = "Preview Content";
			sourceTree = "<group>";
		};
		B0E31EAF2C042929007A859E /* BoastAppTests */ = {
			isa = PBXGroup;
			children = (
				B0E31EB02C042929007A859E /* BoastAppTests.swift */,
			);
			path = BoastAppTests;
			sourceTree = "<group>";
		};
		B0E31EB92C04292A007A859E /* BoastAppUITests */ = {
			isa = PBXGroup;
			children = (
				B0E31EBA2C04292A007A859E /* BoastAppUITests.swift */,
				B0E31EBC2C04292A007A859E /* BoastAppUITestsLaunchTests.swift */,
			);
			path = BoastAppUITests;
			sourceTree = "<group>";
		};
/* End PBXGroup section */

/* Begin PBXNativeTarget section */
		B0E31E9B2C042929007A859E /* BoastApp */ = {
			isa = PBXNativeTarget;
			buildConfigurationList = B0E31EC02C04292A007A859E /* Build configuration list for PBXNativeTarget "BoastApp" */;
			buildPhases = (
				B0E31E982C042929007A859E /* Sources */,
				B0E31E992C042929007A859E /* Frameworks */,
				B0E31E9A2C042929007A859E /* Resources */,
			);
			buildRules = (
			);
			dependencies = (
			);
			name = BoastApp;
			productName = BoastApp;
			productReference = B0E31E9C2C042929007A859E /* BoastApp.app */;
			productType = "com.apple.product-type.application";
		};
		B0E31EAB2C042929007A859E /* BoastAppTests */ = {
			isa = PBXNativeTarget;
			buildConfigurationList = B0E31EC32C04292A007A859E /* Build configuration list for PBXNativeTarget "BoastAppTests" */;
			buildPhases = (
				B0E31EA82C042929007A859E /* Sources */,
				B0E31EA92C042929007A859E /* Frameworks */,
				B0E31EAA2C042929007A859E /* Resources */,
			);
			buildRules = (
			);
			dependencies = (
				B0E31EAE2C042929007A859E /* PBXTargetDependency */,
			);
			name = BoastAppTests;
			productName = BoastAppTests;
			productReference = B0E31EAC2C042929007A859E /* BoastAppTests.xctest */;
			productType = "com.apple.product-type.bundle.unit-test";
		};
		B0E31EB52C04292A007A859E /* BoastAppUITests */ = {
			isa = PBXNativeTarget;
			buildConfigurationList = B0E31EC62C04292A007A859E /* Build configuration list for PBXNativeTarget "BoastAppUITests" */;
			buildPhases = (
				B0E31EB22C04292A007A859E /* Sources */,
				B0E31EB32C04292A007A859E /* Frameworks */,
				B0E31EB42C04292A007A859E /* Resources */,
			);
			buildRules = (
			);
			dependencies = (
				B0E31EB82C04292A007A859E /* PBXTargetDependency */,
			);
			name = BoastAppUITests;
			productName = BoastAppUITests;
			productReference = B0E31EB62C04292A007A859E /* BoastAppUITests.xctest */;
			productType = "com.apple.product-type.bundle.ui-testing";
		};
/* End PBXNativeTarget section */

/* Begin PBXProject section */
		B0E31E942C042929007A859E /* Project object */ = {
			isa = PBXProject;
			attributes = {
				BuildIndependentTargetsInParallel = 1;
				LastSwiftUpdateCheck = 1530;
				LastUpgradeCheck = 1530;
				TargetAttributes = {
					B0E31E9B2C042929007A859E = {
						CreatedOnToolsVersion = 15.3;
					};
					B0E31EAB2C042929007A859E = {
						CreatedOnToolsVersion = 15.3;
						TestTargetID = B0E31E9B2C042929007A859E;
					};
					B0E31EB52C04292A007A859E = {
						CreatedOnToolsVersion = 15.3;
						TestTargetID = B0E31E9B2C042929007A859E;
					};
				};
			};
			buildConfigurationList = B0E31E972C042929007A859E /* Build configuration list for PBXProject "BoastApp" */;
			compatibilityVersion = "Xcode 14.0";
			developmentRegion = en;
			hasScannedForEncodings = 0;
			knownRegions = (
				en,
				Base,
			);
			mainGroup = B0E31E932C042929007A859E;
			productRefGroup = B0E31E9D2C042929007A859E /* Products */;
			projectDirPath = "";
			projectRoot = "";
			targets = (
				B0E31E9B2C042929007A859E /* BoastApp */,
				B0E31EAB2C042929007A859E /* BoastAppTests */,
				B0E31EB52C04292A007A859E /* BoastAppUITests */,
			);
		};
/* End PBXProject section */

/* Begin PBXResourcesBuildPhase section */
		B0E31E9A2C042929007A859E /* Resources */ = {
			isa = PBXResourcesBuildPhase;
			buildActionMask = 2147483647;
			files = (
				B0E31EA72C042929007A859E /* Preview Assets.xcassets in Resources */,
				B0E31EA42C042929007A859E /* Assets.xcassets in Resources */,
			);
			runOnlyForDeploymentPostprocessing = 0;
		};
		B0E31EAA2C042929007A859E /* Resources */ = {
			isa = PBXResourcesBuildPhase;
			buildActionMask = 2147483647;
			files = (
			);
			runOnlyForDeploymentPostprocessing = 0;
		};
		B0E31EB42C04292A007A859E /* Resources */ = {
			isa = PBXResourcesBuildPhase;
			buildActionMask = 2147483647;
			files = (
			);
			runOnlyForDeploymentPostprocessing = 0;
		};
/* End PBXResourcesBuildPhase section */

/* Begin PBXSourcesBuildPhase section */
		B0E31E982C042929007A859E /* Sources */ = {
			isa = PBXSourcesBuildPhase;
			buildActionMask = 2147483647;
			files = (
				B0E31EA22C042929007A859E /* ContentView.swift in Sources */,
				B0E31EA02C042929007A859E /* BoastAppApp.swift in Sources */,
				B0E31ECA2C043432007A859E /* HealthKitManager.swift in Sources */,
			);
			runOnlyForDeploymentPostprocessing = 0;
		};
		B0E31EA82C042929007A859E /* Sources */ = {
			isa = PBXSourcesBuildPhase;
			buildActionMask = 2147483647;
			files = (
				B0E31EB12C042929007A859E /* BoastAppTests.swift in Sources */,
			);
			runOnlyForDeploymentPostprocessing = 0;
		};
		B0E31EB22C04292A007A859E /* Sources */ = {
			isa = PBXSourcesBuildPhase;
			buildActionMask = 2147483647;
			files = (
				B0E31EBD2C04292A007A859E /* BoastAppUITestsLaunchTests.swift in Sources */,
				B0E31EBB2C04292A007A859E /* BoastAppUITests.swift in Sources */,
			);
			runOnlyForDeploymentPostprocessing = 0;
		};
/* End PBXSourcesBuildPhase section */

/* Begin PBXTargetDependency section */
		B0E31EAE2C042929007A859E /* PBXTargetDependency */ = {
			isa = PBXTargetDependency;
			target = B0E31E9B2C042929007A859E /* BoastApp */;
			targetProxy = B0E31EAD2C042929007A859E /* PBXContainerItemProxy */;
		};
		B0E31EB82C04292A007A859E /* PBXTargetDependency */ = {
			isa = PBXTargetDependency;
			target = B0E31E9B2C042929007A859E /* BoastApp */;
			targetProxy = B0E31EB72C04292A007A859E /* PBXContainerItemProxy */;
		};
/* End PBXTargetDependency section */

/* Begin XCBuildConfiguration section */
		B0E31EBE2C04292A007A859E /* Debug */ = {
			isa = XCBuildConfiguration;
			buildSettings = {
				ALWAYS_SEARCH_USER_PATHS = NO;
				ASSETCATALOG_COMPILER_GENERATE_SWIFT_ASSET_SYMBOL_EXTENSIONS = YES;
				CLANG_ANALYZER_NONNULL = YES;
				CLANG_ANALYZER_NUMBER_OBJECT_CONVERSION = YES_AGGRESSIVE;
				CLANG_CXX_LANGUAGE_STANDARD = "gnu++20";
				CLANG_ENABLE_MODULES = YES;
				CLANG_ENABLE_OBJC_ARC = YES;
				CLANG_ENABLE_OBJC_WEAK = YES;
				CLANG_WARN_BLOCK_CAPTURE_AUTORELEASING = YES;
				CLANG_WARN_BOOL_CONVERSION = YES;
				CLANG_WARN_COMMA = YES;
				CLANG_WARN_CONSTANT_CONVERSION = YES;
				CLANG_WARN_DEPRECATED_OBJC_IMPLEMENTATIONS = YES;
				CLANG_WARN_DIRECT_OBJC_ISA_USAGE = YES_ERROR;
				CLANG_WARN_DOCUMENTATION_COMMENTS = YES;
				CLANG_WARN_EMPTY_BODY = YES;
				CLANG_WARN_ENUM_CONVERSION = YES;
				CLANG_WARN_INFINITE_RECURSION = YES;
				CLANG_WARN_INT_CONVERSION = YES;
				CLANG_WARN_NON_LITERAL_NULL_CONVERSION = YES;
				CLANG_WARN_OBJC_IMPLICIT_RETAIN_SELF = YES;
				CLANG_WARN_OBJC_LITERAL_CONVERSION = YES;
				CLANG_WARN_OBJC_ROOT_CLASS = YES_ERROR;
				CLANG_WARN_QUOTED_INCLUDE_IN_FRAMEWORK_HEADER = YES;
				CLANG_WARN_RANGE_LOOP_ANALYSIS = YES;
				CLANG_WARN_STRICT_PROTOTYPES = YES;
				CLANG_WARN_SUSPICIOUS_MOVE = YES;
				CLANG_WARN_UNGUARDED_AVAILABILITY = YES_AGGRESSIVE;
				CLANG_WARN_UNREACHABLE_CODE = YES;
				CLANG_WARN__DUPLICATE_METHOD_MATCH = YES;
				COPY_PHASE_STRIP = NO;
				DEBUG_INFORMATION_FORMAT = dwarf;
				ENABLE_STRICT_OBJC_MSGSEND = YES;
				ENABLE_TESTABILITY = YES;
				ENABLE_USER_SCRIPT_SANDBOXING = YES;
				GCC_C_LANGUAGE_STANDARD = gnu17;
				GCC_DYNAMIC_NO_PIC = NO;
				GCC_NO_COMMON_BLOCKS = YES;
				GCC_OPTIMIZATION_LEVEL = 0;
				GCC_PREPROCESSOR_DEFINITIONS = (
					"DEBUG=1",
					"$(inherited)",
				);
				GCC_WARN_64_TO_32_BIT_CONVERSION = YES;
				GCC_WARN_ABOUT_RETURN_TYPE = YES_ERROR;
				GCC_WARN_UNDECLARED_SELECTOR = YES;
				GCC_WARN_UNINITIALIZED_AUTOS = YES_AGGRESSIVE;
				GCC_WARN_UNUSED_FUNCTION = YES;
				GCC_WARN_UNUSED_VARIABLE = YES;
				IPHONEOS_DEPLOYMENT_TARGET = 17.4;
				LOCALIZATION_PREFERS_STRING_CATALOGS = YES;
				MTL_ENABLE_DEBUG_INFO = INCLUDE_SOURCE;
				MTL_FAST_MATH = YES;
				ONLY_ACTIVE_ARCH = YES;
				SDKROOT = iphoneos;
				SWIFT_ACTIVE_COMPILATION_CONDITIONS = "DEBUG $(inherited)";
				SWIFT_OPTIMIZATION_LEVEL = "-Onone";
			};
			name = Debug;
		};
		B0E31EBF2C04292A007A859E /* Release */ = {
			isa = XCBuildConfiguration;
			buildSettings = {
				ALWAYS_SEARCH_USER_PATHS = NO;
				ASSETCATALOG_COMPILER_GENERATE_SWIFT_ASSET_SYMBOL_EXTENSIONS = YES;
				CLANG_ANALYZER_NONNULL = YES;
				CLANG_ANALYZER_NUMBER_OBJECT_CONVERSION = YES_AGGRESSIVE;
				CLANG_CXX_LANGUAGE_STANDARD = "gnu++20";
				CLANG_ENABLE_MODULES = YES;
				CLANG_ENABLE_OBJC_ARC = YES;
				CLANG_ENABLE_OBJC_WEAK = YES;
				CLANG_WARN_BLOCK_CAPTURE_AUTORELEASING = YES;
				CLANG_WARN_BOOL_CONVERSION = YES;
				CLANG_WARN_COMMA = YES;
				CLANG_WARN_CONSTANT_CONVERSION = YES;
				CLANG_WARN_DEPRECATED_OBJC_IMPLEMENTATIONS = YES;
				CLANG_WARN_DIRECT_OBJC_ISA_USAGE = YES_ERROR;
				CLANG_WARN_DOCUMENTATION_COMMENTS = YES;
				CLANG_WARN_EMPTY_BODY = YES;
				CLANG_WARN_ENUM_CONVERSION = YES;
				CLANG_WARN_INFINITE_RECURSION = YES;
				CLANG_WARN_INT_CONVERSION = YES;
				CLANG_WARN_NON_LITERAL_NULL_CONVERSION = YES;
				CLANG_WARN_OBJC_IMPLICIT_RETAIN_SELF = YES;
				CLANG_WARN_OBJC_LITERAL_CONVERSION = YES;
				CLANG_WARN_OBJC_ROOT_CLASS = YES_ERROR;
				CLANG_WARN_QUOTED_INCLUDE_IN_FRAMEWORK_HEADER = YES;
				CLANG_WARN_RANGE_LOOP_ANALYSIS = YES;
				CLANG_WARN_STRICT_PROTOTYPES = YES;
				CLANG_WARN_SUSPICIOUS_MOVE = YES;
				CLANG_WARN_UNGUARDED_AVAILABILITY = YES_AGGRESSIVE;
				CLANG_WARN_UNREACHABLE_CODE = YES;
				CLANG_WARN__DUPLICATE_METHOD_MATCH = YES;
				COPY_PHASE_STRIP = NO;
				DEBUG_INFORMATION_FORMAT = "dwarf-with-dsym";
				ENABLE_NS_ASSERTIONS = NO;
				ENABLE_STRICT_OBJC_MSGSEND = YES;
				ENABLE_USER_SCRIPT_SANDBOXING = YES;
				GCC_C_LANGUAGE_STANDARD = gnu17;
				GCC_NO_COMMON_BLOCKS = YES;
				GCC_WARN_64_TO_32_BIT_CONVERSION = YES;
				GCC_WARN_ABOUT_RETURN_TYPE = YES_ERROR;
				GCC_WARN_UNDECLARED_SELECTOR = YES;
				GCC_WARN_UNINITIALIZED_AUTOS = YES_AGGRESSIVE;
				GCC_WARN_UNUSED_FUNCTION = YES;
				GCC_WARN_UNUSED_VARIABLE = YES;
				IPHONEOS_DEPLOYMENT_TARGET = 17.4;
				LOCALIZATION_PREFERS_STRING_CATALOGS = YES;
				MTL_ENABLE_DEBUG_INFO = NO;
				MTL_FAST_MATH = YES;
				SDKROOT = iphoneos;
				SWIFT_COMPILATION_MODE = wholemodule;
				VALIDATE_PRODUCT = YES;
			};
			name = Release;
		};
		B0E31EC12C04292A007A859E /* Debug */ = {
			isa = XCBuildConfiguration;
			buildSettings = {
				ASSETCATALOG_COMPILER_APPICON_NAME = AppIcon;
				ASSETCATALOG_COMPILER_GLOBAL_ACCENT_COLOR_NAME = AccentColor;
				CODE_SIGN_ENTITLEMENTS = BoastApp/BoastApp.entitlements;
				CODE_SIGN_STYLE = Automatic;
				CURRENT_PROJECT_VERSION = 1;
				DEVELOPMENT_ASSET_PATHS = "\"BoastApp/Preview Content\"";
				DEVELOPMENT_TEAM = FHZKMM7ZW3;
				ENABLE_PREVIEWS = YES;
				GENERATE_INFOPLIST_FILE = YES;
				INFOPLIST_KEY_NSHealthShareUsageDescription = "We use your health data to track your activity and provide insights for your well-being";
				INFOPLIST_KEY_NSHealthUpdateUsageDescription = "We use your health data to write activity and exercise information to help you track your progress.";
				INFOPLIST_KEY_UIApplicationSceneManifest_Generation = YES;
				INFOPLIST_KEY_UIApplicationSupportsIndirectInputEvents = YES;
				INFOPLIST_KEY_UILaunchScreen_Generation = YES;
				INFOPLIST_KEY_UISupportedInterfaceOrientations_iPad = "UIInterfaceOrientationPortrait UIInterfaceOrientationPortraitUpsideDown UIInterfaceOrientationLandscapeLeft UIInterfaceOrientationLandscapeRight";
				INFOPLIST_KEY_UISupportedInterfaceOrientations_iPhone = "UIInterfaceOrientationPortrait UIInterfaceOrientationLandscapeLeft UIInterfaceOrientationLandscapeRight";
				LD_RUNPATH_SEARCH_PATHS = (
					"$(inherited)",
					"@executable_path/Frameworks",
				);
				MARKETING_VERSION = 1.0;
				PRODUCT_BUNDLE_IDENTIFIER = dawgz.BoastApp;
				PRODUCT_NAME = "$(TARGET_NAME)";
				SWIFT_EMIT_LOC_STRINGS = YES;
				SWIFT_VERSION = 5.0;
				TARGETED_DEVICE_FAMILY = "1,2";
			};
			name = Debug;
		};
		B0E31EC22C04292A007A859E /* Release */ = {
			isa = XCBuildConfiguration;
			buildSettings = {
				ASSETCATALOG_COMPILER_APPICON_NAME = AppIcon;
				ASSETCATALOG_COMPILER_GLOBAL_ACCENT_COLOR_NAME = AccentColor;
				CODE_SIGN_ENTITLEMENTS = BoastApp/BoastApp.entitlements;
				CODE_SIGN_STYLE = Automatic;
				CURRENT_PROJECT_VERSION = 1;
				DEVELOPMENT_ASSET_PATHS = "\"BoastApp/Preview Content\"";
				DEVELOPMENT_TEAM = FHZKMM7ZW3;
				ENABLE_PREVIEWS = YES;
				GENERATE_INFOPLIST_FILE = YES;
				INFOPLIST_KEY_NSHealthShareUsageDescription = "We use your health data to track your activity and provide insights for your well-being";
				INFOPLIST_KEY_NSHealthUpdateUsageDescription = "We use your health data to write activity and exercise information to help you track your progress.";
				INFOPLIST_KEY_UIApplicationSceneManifest_Generation = YES;
				INFOPLIST_KEY_UIApplicationSupportsIndirectInputEvents = YES;
				INFOPLIST_KEY_UILaunchScreen_Generation = YES;
				INFOPLIST_KEY_UISupportedInterfaceOrientations_iPad = "UIInterfaceOrientationPortrait UIInterfaceOrientationPortraitUpsideDown UIInterfaceOrientationLandscapeLeft UIInterfaceOrientationLandscapeRight";
				INFOPLIST_KEY_UISupportedInterfaceOrientations_iPhone = "UIInterfaceOrientationPortrait UIInterfaceOrientationLandscapeLeft UIInterfaceOrientationLandscapeRight";
				LD_RUNPATH_SEARCH_PATHS = (
					"$(inherited)",
					"@executable_path/Frameworks",
				);
				MARKETING_VERSION = 1.0;
				PRODUCT_BUNDLE_IDENTIFIER = dawgz.BoastApp;
				PRODUCT_NAME = "$(TARGET_NAME)";
				SWIFT_EMIT_LOC_STRINGS = YES;
				SWIFT_VERSION = 5.0;
				TARGETED_DEVICE_FAMILY = "1,2";
			};
			name = Release;
		};
		B0E31EC42C04292A007A859E /* Debug */ = {
			isa = XCBuildConfiguration;
			buildSettings = {
				ALWAYS_EMBED_SWIFT_STANDARD_LIBRARIES = YES;
				BUNDLE_LOADER = "$(TEST_HOST)";
				CODE_SIGN_STYLE = Automatic;
				CURRENT_PROJECT_VERSION = 1;
				DEVELOPMENT_TEAM = FHZKMM7ZW3;
				GENERATE_INFOPLIST_FILE = YES;
				IPHONEOS_DEPLOYMENT_TARGET = 17.4;
				MARKETING_VERSION = 1.0;
				PRODUCT_BUNDLE_IDENTIFIER = dawgz.BoastAppTests;
				PRODUCT_NAME = "$(TARGET_NAME)";
				SWIFT_EMIT_LOC_STRINGS = NO;
				SWIFT_VERSION = 5.0;
				TARGETED_DEVICE_FAMILY = "1,2";
				TEST_HOST = "$(BUILT_PRODUCTS_DIR)/BoastApp.app/$(BUNDLE_EXECUTABLE_FOLDER_PATH)/BoastApp";
			};
			name = Debug;
		};
		B0E31EC52C04292A007A859E /* Release */ = {
			isa = XCBuildConfiguration;
			buildSettings = {
				ALWAYS_EMBED_SWIFT_STANDARD_LIBRARIES = YES;
				BUNDLE_LOADER = "$(TEST_HOST)";
				CODE_SIGN_STYLE = Automatic;
				CURRENT_PROJECT_VERSION = 1;
				DEVELOPMENT_TEAM = FHZKMM7ZW3;
				GENERATE_INFOPLIST_FILE = YES;
				IPHONEOS_DEPLOYMENT_TARGET = 17.4;
				MARKETING_VERSION = 1.0;
				PRODUCT_BUNDLE_IDENTIFIER = dawgz.BoastAppTests;
				PRODUCT_NAME = "$(TARGET_NAME)";
				SWIFT_EMIT_LOC_STRINGS = NO;
				SWIFT_VERSION = 5.0;
				TARGETED_DEVICE_FAMILY = "1,2";
				TEST_HOST = "$(BUILT_PRODUCTS_DIR)/BoastApp.app/$(BUNDLE_EXECUTABLE_FOLDER_PATH)/BoastApp";
			};
			name = Release;
		};
		B0E31EC72C04292A007A859E /* Debug */ = {
			isa = XCBuildConfiguration;
			buildSettings = {
				ALWAYS_EMBED_SWIFT_STANDARD_LIBRARIES = YES;
				CODE_SIGN_STYLE = Automatic;
				CURRENT_PROJECT_VERSION = 1;
				DEVELOPMENT_TEAM = FHZKMM7ZW3;
				GENERATE_INFOPLIST_FILE = YES;
				MARKETING_VERSION = 1.0;
				PRODUCT_BUNDLE_IDENTIFIER = dawgz.BoastAppUITests;
				PRODUCT_NAME = "$(TARGET_NAME)";
				SWIFT_EMIT_LOC_STRINGS = NO;
				SWIFT_VERSION = 5.0;
				TARGETED_DEVICE_FAMILY = "1,2";
				TEST_TARGET_NAME = BoastApp;
			};
			name = Debug;
		};
		B0E31EC82C04292A007A859E /* Release */ = {
			isa = XCBuildConfiguration;
			buildSettings = {
				ALWAYS_EMBED_SWIFT_STANDARD_LIBRARIES = YES;
				CODE_SIGN_STYLE = Automatic;
				CURRENT_PROJECT_VERSION = 1;
				DEVELOPMENT_TEAM = FHZKMM7ZW3;
				GENERATE_INFOPLIST_FILE = YES;
				MARKETING_VERSION = 1.0;
				PRODUCT_BUNDLE_IDENTIFIER = dawgz.BoastAppUITests;
				PRODUCT_NAME = "$(TARGET_NAME)";
				SWIFT_EMIT_LOC_STRINGS = NO;
				SWIFT_VERSION = 5.0;
				TARGETED_DEVICE_FAMILY = "1,2";
				TEST_TARGET_NAME = BoastApp;
			};
			name = Release;
		};
/* End XCBuildConfiguration section */

/* Begin XCConfigurationList section */
		B0E31E972C042929007A859E /* Build configuration list for PBXProject "BoastApp" */ = {
			isa = XCConfigurationList;
			buildConfigurations = (
				B0E31EBE2C04292A007A859E /* Debug */,
				B0E31EBF2C04292A007A859E /* Release */,
			);
			defaultConfigurationIsVisible = 0;
			defaultConfigurationName = Release;
		};
		B0E31EC02C04292A007A859E /* Build configuration list for PBXNativeTarget "BoastApp" */ = {
			isa = XCConfigurationList;
			buildConfigurations = (
				B0E31EC12C04292A007A859E /* Debug */,
				B0E31EC22C04292A007A859E /* Release */,
			);
			defaultConfigurationIsVisible = 0;
			defaultConfigurationName = Release;
		};
		B0E31EC32C04292A007A859E /* Build configuration list for PBXNativeTarget "BoastAppTests" */ = {
			isa = XCConfigurationList;
			buildConfigurations = (
				B0E31EC42C04292A007A859E /* Debug */,
				B0E31EC52C04292A007A859E /* Release */,
			);
			defaultConfigurationIsVisible = 0;
			defaultConfigurationName = Release;
		};
		B0E31EC62C04292A007A859E /* Build configuration list for PBXNativeTarget "BoastAppUITests" */ = {
			isa = XCConfigurationList;
			buildConfigurations = (
				B0E31EC72C04292A007A859E /* Debug */,
				B0E31EC82C04292A007A859E /* Release */,
			);
			defaultConfigurationIsVisible = 0;
			defaultConfigurationName = Release;
		};
/* End XCConfigurationList section */
	};
	rootObject = B0E31E942C042929007A859E /* Project object */;
}
